// !$*UTF8*$!
{
	archiveVersion = 1;
	classes = {
	};
	objectVersion = 56;
	objects = {

/* Begin PBXBuildFile section */
		BAD3E2FD29D21447007E3446 /* main.cpp in Sources */ = {isa = PBXBuildFile; fileRef = BAD3E2FC29D21447007E3446 /* main.cpp */; };
		BAD3E30529D2146A007E3446 /* Mammal.cpp in Sources */ = {isa = PBXBuildFile; fileRef = BAD3E30329D21469007E3446 /* Mammal.cpp */; };
		BAD3E30829D214D7007E3446 /* Animal.cpp in Sources */ = {isa = PBXBuildFile; fileRef = BAD3E30629D214D7007E3446 /* Animal.cpp */; };
		BAD3E30B29D21809007E3446 /* Reptile.cpp in Sources */ = {isa = PBXBuildFile; fileRef = BAD3E30929D21809007E3446 /* Reptile.cpp */; };
		BAD3E30E29D221B0007E3446 /* Organ.cpp in Sources */ = {isa = PBXBuildFile; fileRef = BAD3E30C29D221B0007E3446 /* Organ.cpp */; };
		BAD3E31129D22932007E3446 /* Squirell.cpp in Sources */ = {isa = PBXBuildFile; fileRef = BAD3E30F29D22932007E3446 /* Squirell.cpp */; };
/* End PBXBuildFile section */

/* Begin PBXCopyFilesBuildPhase section */
		BAD3E2F729D21447007E3446 /* CopyFiles */ = {
			isa = PBXCopyFilesBuildPhase;
			buildActionMask = 2147483647;
			dstPath = /usr/share/man/man1/;
			dstSubfolderSpec = 0;
			files = (
			);
			runOnlyForDeploymentPostprocessing = 1;
		};
/* End PBXCopyFilesBuildPhase section */

/* Begin PBXFileReference section */
		BAD3E2F929D21447007E3446 /* CS2_Inheritance */ = {isa = PBXFileReference; explicitFileType = "compiled.mach-o.executable"; includeInIndex = 0; path = CS2_Inheritance; sourceTree = BUILT_PRODUCTS_DIR; };
		BAD3E2FC29D21447007E3446 /* main.cpp */ = {isa = PBXFileReference; lastKnownFileType = sourcecode.cpp.cpp; path = main.cpp; sourceTree = "<group>"; };
		BAD3E30329D21469007E3446 /* Mammal.cpp */ = {isa = PBXFileReference; lastKnownFileType = sourcecode.cpp.cpp; path = Mammal.cpp; sourceTree = "<group>"; };
		BAD3E30429D2146A007E3446 /* Mammal.hpp */ = {isa = PBXFileReference; lastKnownFileType = sourcecode.cpp.h; path = Mammal.hpp; sourceTree = "<group>"; };
		BAD3E30629D214D7007E3446 /* Animal.cpp */ = {isa = PBXFileReference; lastKnownFileType = sourcecode.cpp.cpp; path = Animal.cpp; sourceTree = "<group>"; };
		BAD3E30729D214D7007E3446 /* Animal.hpp */ = {isa = PBXFileReference; lastKnownFileType = sourcecode.cpp.h; path = Animal.hpp; sourceTree = "<group>"; };
		BAD3E30929D21809007E3446 /* Reptile.cpp */ = {isa = PBXFileReference; lastKnownFileType = sourcecode.cpp.cpp; path = Reptile.cpp; sourceTree = "<group>"; };
		BAD3E30A29D21809007E3446 /* Reptile.hpp */ = {isa = PBXFileReference; lastKnownFileType = sourcecode.cpp.h; path = Reptile.hpp; sourceTree = "<group>"; };
		BAD3E30C29D221B0007E3446 /* Organ.cpp */ = {isa = PBXFileReference; lastKnownFileType = sourcecode.cpp.cpp; path = Organ.cpp; sourceTree = "<group>"; };
		BAD3E30D29D221B0007E3446 /* Organ.hpp */ = {isa = PBXFileReference; lastKnownFileType = sourcecode.cpp.h; path = Organ.hpp; sourceTree = "<group>"; };
		BAD3E30F29D22932007E3446 /* Squirell.cpp */ = {isa = PBXFileReference; lastKnownFileType = sourcecode.cpp.cpp; path = Squirell.cpp; sourceTree = "<group>"; };
		BAD3E31029D22932007E3446 /* Squirell.hpp */ = {isa = PBXFileReference; lastKnownFileType = sourcecode.cpp.h; path = Squirell.hpp; sourceTree = "<group>"; };
/* End PBXFileReference section */

/* Begin PBXFrameworksBuildPhase section */
		BAD3E2F629D21447007E3446 /* Frameworks */ = {
			isa = PBXFrameworksBuildPhase;
			buildActionMask = 2147483647;
			files = (
			);
			runOnlyForDeploymentPostprocessing = 0;
		};
/* End PBXFrameworksBuildPhase section */

/* Begin PBXGroup section */
		BAD3E2F029D21447007E3446 = {
			isa = PBXGroup;
			children = (
				BAD3E2FB29D21447007E3446 /* CS2_Inheritance */,
				BAD3E2FA29D21447007E3446 /* Products */,
			);
			sourceTree = "<group>";
		};
		BAD3E2FA29D21447007E3446 /* Products */ = {
			isa = PBXGroup;
			children = (
				BAD3E2F929D21447007E3446 /* CS2_Inheritance */,
			);
			name = Products;
			sourceTree = "<group>";
		};
		BAD3E2FB29D21447007E3446 /* CS2_Inheritance */ = {
			isa = PBXGroup;
			children = (
				BAD3E2FC29D21447007E3446 /* main.cpp */,
				BAD3E30F29D22932007E3446 /* Squirell.cpp */,
				BAD3E31029D22932007E3446 /* Squirell.hpp */,
				BAD3E30929D21809007E3446 /* Reptile.cpp */,
				BAD3E30C29D221B0007E3446 /* Organ.cpp */,
				BAD3E30D29D221B0007E3446 /* Organ.hpp */,
				BAD3E30A29D21809007E3446 /* Reptile.hpp */,
				BAD3E30329D21469007E3446 /* Mammal.cpp */,
				BAD3E30429D2146A007E3446 /* Mammal.hpp */,
				BAD3E30629D214D7007E3446 /* Animal.cpp */,
				BAD3E30729D214D7007E3446 /* Animal.hpp */,
			);
			path = CS2_Inheritance;
			sourceTree = "<group>";
		};
/* End PBXGroup section */

/* Begin PBXNativeTarget section */
		BAD3E2F829D21447007E3446 /* CS2_Inheritance */ = {
			isa = PBXNativeTarget;
			buildConfigurationList = BAD3E30029D21447007E3446 /* Build configuration list for PBXNativeTarget "CS2_Inheritance" */;
			buildPhases = (
				BAD3E2F529D21447007E3446 /* Sources */,
				BAD3E2F629D21447007E3446 /* Frameworks */,
				BAD3E2F729D21447007E3446 /* CopyFiles */,
			);
			buildRules = (
			);
			dependencies = (
			);
			name = CS2_Inheritance;
			productName = CS2_Inheritance;
			productReference = BAD3E2F929D21447007E3446 /* CS2_Inheritance */;
			productType = "com.apple.product-type.tool";
		};
/* End PBXNativeTarget section */

/* Begin PBXProject section */
		BAD3E2F129D21447007E3446 /* Project object */ = {
			isa = PBXProject;
			attributes = {
				BuildIndependentTargetsInParallel = 1;
				LastUpgradeCheck = 1420;
				TargetAttributes = {
					BAD3E2F829D21447007E3446 = {
						CreatedOnToolsVersion = 14.2;
					};
				};
			};
			buildConfigurationList = BAD3E2F429D21447007E3446 /* Build configuration list for PBXProject "CS2_Inheritance" */;
			compatibilityVersion = "Xcode 14.0";
			developmentRegion = en;
			hasScannedForEncodings = 0;
			knownRegions = (
				en,
				Base,
			);
			mainGroup = BAD3E2F029D21447007E3446;
			productRefGroup = BAD3E2FA29D21447007E3446 /* Products */;
			projectDirPath = "";
			projectRoot = "";
			targets = (
				BAD3E2F829D21447007E3446 /* CS2_Inheritance */,
			);
		};
/* End PBXProject section */

/* Begin PBXSourcesBuildPhase section */
		BAD3E2F529D21447007E3446 /* Sources */ = {
			isa = PBXSourcesBuildPhase;
			buildActionMask = 2147483647;
			files = (
				BAD3E30529D2146A007E3446 /* Mammal.cpp in Sources */,
				BAD3E30B29D21809007E3446 /* Reptile.cpp in Sources */,
				BAD3E31129D22932007E3446 /* Squirell.cpp in Sources */,
				BAD3E30E29D221B0007E3446 /* Organ.cpp in Sources */,
				BAD3E2FD29D21447007E3446 /* main.cpp in Sources */,
				BAD3E30829D214D7007E3446 /* Animal.cpp in Sources */,
			);
			runOnlyForDeploymentPostprocessing = 0;
		};
/* End PBXSourcesBuildPhase section */

/* Begin XCBuildConfiguration section */
		BAD3E2FE29D21447007E3446 /* Debug */ = {
			isa = XCBuildConfiguration;
			buildSettings = {
				ALWAYS_SEARCH_USER_PATHS = NO;
				CLANG_ANALYZER_NONNULL = YES;
				CLANG_ANALYZER_NUMBER_OBJECT_CONVERSION = YES_AGGRESSIVE;
				CLANG_CXX_LANGUAGE_STANDARD = "gnu++20";
				CLANG_ENABLE_MODULES = YES;
				CLANG_ENABLE_OBJC_ARC = YES;
				CLANG_ENABLE_OBJC_WEAK = YES;
				CLANG_WARN_BLOCK_CAPTURE_AUTORELEASING = YES;
				CLANG_WARN_BOOL_CONVERSION = YES;
				CLANG_WARN_COMMA = YES;
				CLANG_WARN_CONSTANT_CONVERSION = YES;
				CLANG_WARN_DEPRECATED_OBJC_IMPLEMENTATIONS = YES;
				CLANG_WARN_DIRECT_OBJC_ISA_USAGE = YES_ERROR;
				CLANG_WARN_DOCUMENTATION_COMMENTS = YES;
				CLANG_WARN_EMPTY_BODY = YES;
				CLANG_WARN_ENUM_CONVERSION = YES;
				CLANG_WARN_INFINITE_RECURSION = YES;
				CLANG_WARN_INT_CONVERSION = YES;
				CLANG_WARN_NON_LITERAL_NULL_CONVERSION = YES;
				CLANG_WARN_OBJC_IMPLICIT_RETAIN_SELF = YES;
				CLANG_WARN_OBJC_LITERAL_CONVERSION = YES;
				CLANG_WARN_OBJC_ROOT_CLASS = YES_ERROR;
				CLANG_WARN_QUOTED_INCLUDE_IN_FRAMEWORK_HEADER = YES;
				CLANG_WARN_RANGE_LOOP_ANALYSIS = YES;
				CLANG_WARN_STRICT_PROTOTYPES = YES;
				CLANG_WARN_SUSPICIOUS_MOVE = YES;
				CLANG_WARN_UNGUARDED_AVAILABILITY = YES_AGGRESSIVE;
				CLANG_WARN_UNREACHABLE_CODE = YES;
				CLANG_WARN__DUPLICATE_METHOD_MATCH = YES;
				COPY_PHASE_STRIP = NO;
				DEBUG_INFORMATION_FORMAT = dwarf;
				ENABLE_STRICT_OBJC_MSGSEND = YES;
				ENABLE_TESTABILITY = YES;
				GCC_C_LANGUAGE_STANDARD = gnu11;
				GCC_DYNAMIC_NO_PIC = NO;
				GCC_NO_COMMON_BLOCKS = YES;
				GCC_OPTIMIZATION_LEVEL = 0;
				GCC_PREPROCESSOR_DEFINITIONS = (
					"DEBUG=1",
					"$(inherited)",
				);
				GCC_WARN_64_TO_32_BIT_CONVERSION = YES;
				GCC_WARN_ABOUT_RETURN_TYPE = YES_ERROR;
				GCC_WARN_UNDECLARED_SELECTOR = YES;
				GCC_WARN_UNINITIALIZED_AUTOS = YES_AGGRESSIVE;
				GCC_WARN_UNUSED_FUNCTION = YES;
				GCC_WARN_UNUSED_VARIABLE = YES;
				MACOSX_DEPLOYMENT_TARGET = 13.1;
				MTL_ENABLE_DEBUG_INFO = INCLUDE_SOURCE;
				MTL_FAST_MATH = YES;
				ONLY_ACTIVE_ARCH = YES;
				SDKROOT = macosx;
			};
			name = Debug;
		};
		BAD3E2FF29D21447007E3446 /* Release */ = {
			isa = XCBuildConfiguration;
			buildSettings = {
				ALWAYS_SEARCH_USER_PATHS = NO;
				CLANG_ANALYZER_NONNULL = YES;
				CLANG_ANALYZER_NUMBER_OBJECT_CONVERSION = YES_AGGRESSIVE;
				CLANG_CXX_LANGUAGE_STANDARD = "gnu++20";
				CLANG_ENABLE_MODULES = YES;
				CLANG_ENABLE_OBJC_ARC = YES;
				CLANG_ENABLE_OBJC_WEAK = YES;
				CLANG_WARN_BLOCK_CAPTURE_AUTORELEASING = YES;
				CLANG_WARN_BOOL_CONVERSION = YES;
				CLANG_WARN_COMMA = YES;
				CLANG_WARN_CONSTANT_CONVERSION = YES;
				CLANG_WARN_DEPRECATED_OBJC_IMPLEMENTATIONS = YES;
				CLANG_WARN_DIRECT_OBJC_ISA_USAGE = YES_ERROR;
				CLANG_WARN_DOCUMENTATION_COMMENTS = YES;
				CLANG_WARN_EMPTY_BODY = YES;
				CLANG_WARN_ENUM_CONVERSION = YES;
				CLANG_WARN_INFINITE_RECURSION = YES;
				CLANG_WARN_INT_CONVERSION = YES;
				CLANG_WARN_NON_LITERAL_NULL_CONVERSION = YES;
				CLANG_WARN_OBJC_IMPLICIT_RETAIN_SELF = YES;
				CLANG_WARN_OBJC_LITERAL_CONVERSION = YES;
				CLANG_WARN_OBJC_ROOT_CLASS = YES_ERROR;
				CLANG_WARN_QUOTED_INCLUDE_IN_FRAMEWORK_HEADER = YES;
				CLANG_WARN_RANGE_LOOP_ANALYSIS = YES;
				CLANG_WARN_STRICT_PROTOTYPES = YES;
				CLANG_WARN_SUSPICIOUS_MOVE = YES;
				CLANG_WARN_UNGUARDED_AVAILABILITY = YES_AGGRESSIVE;
				CLANG_WARN_UNREACHABLE_CODE = YES;
				CLANG_WARN__DUPLICATE_METHOD_MATCH = YES;
				COPY_PHASE_STRIP = NO;
				DEBUG_INFORMATION_FORMAT = "dwarf-with-dsym";
				ENABLE_NS_ASSERTIONS = NO;
				ENABLE_STRICT_OBJC_MSGSEND = YES;
				GCC_C_LANGUAGE_STANDARD = gnu11;
				GCC_NO_COMMON_BLOCKS = YES;
				GCC_WARN_64_TO_32_BIT_CONVERSION = YES;
				GCC_WARN_ABOUT_RETURN_TYPE = YES_ERROR;
				GCC_WARN_UNDECLARED_SELECTOR = YES;
				GCC_WARN_UNINITIALIZED_AUTOS = YES_AGGRESSIVE;
				GCC_WARN_UNUSED_FUNCTION = YES;
				GCC_WARN_UNUSED_VARIABLE = YES;
				MACOSX_DEPLOYMENT_TARGET = 13.1;
				MTL_ENABLE_DEBUG_INFO = NO;
				MTL_FAST_MATH = YES;
				SDKROOT = macosx;
			};
			name = Release;
		};
		BAD3E30129D21447007E3446 /* Debug */ = {
			isa = XCBuildConfiguration;
			buildSettings = {
				CODE_SIGN_STYLE = Automatic;
				PRODUCT_NAME = "$(TARGET_NAME)";
			};
			name = Debug;
		};
		BAD3E30229D21447007E3446 /* Release */ = {
			isa = XCBuildConfiguration;
			buildSettings = {
				CODE_SIGN_STYLE = Automatic;
				PRODUCT_NAME = "$(TARGET_NAME)";
			};
			name = Release;
		};
/* End XCBuildConfiguration section */

/* Begin XCConfigurationList section */
		BAD3E2F429D21447007E3446 /* Build configuration list for PBXProject "CS2_Inheritance" */ = {
			isa = XCConfigurationList;
			buildConfigurations = (
				BAD3E2FE29D21447007E3446 /* Debug */,
				BAD3E2FF29D21447007E3446 /* Release */,
			);
			defaultConfigurationIsVisible = 0;
			defaultConfigurationName = Release;
		};
		BAD3E30029D21447007E3446 /* Build configuration list for PBXNativeTarget "CS2_Inheritance" */ = {
			isa = XCConfigurationList;
			buildConfigurations = (
				BAD3E30129D21447007E3446 /* Debug */,
				BAD3E30229D21447007E3446 /* Release */,
			);
			defaultConfigurationIsVisible = 0;
			defaultConfigurationName = Release;
		};
/* End XCConfigurationList section */
	};
	rootObject = BAD3E2F129D21447007E3446 /* Project object */;
}
